
Microsoft Visual Studio Solution File, Format Version 12.00
# Visual Studio Version 16
VisualStudioVersion = 16.0.31702.278
MinimumVisualStudioVersion = 10.0.40219.1
Project("{2150E333-8FDC-42A3-9474-1A3956D46DE8}") = "WeeklyStudies", "WeeklyStudies", "{645EC4B3-0B04-4262-9AB1-FF5E3E0EC1BC}"
EndProject
Project("{2150E333-8FDC-42A3-9474-1A3956D46DE8}") = "WeeklyProgress", "WeeklyProgress", "{C73E0BBB-F3A4-4B9C-85B8-34ADF157D590}"
EndProject
Project("{2150E333-8FDC-42A3-9474-1A3956D46DE8}") = "Week1", "Week1", "{93207118-4686-42E3-87BA-65BEEF06BDD5}"
EndProject
Project("{9A19103F-16F7-4668-BE54-9A1E7A4F7556}") = "AndOrCondition", "WeeklyProgress\Week1\AndOrCondition\AndOrCondition.csproj", "{78B2AB26-5EFB-4A86-A3BD-2033A147DD1F}"
EndProject
Project("{9A19103F-16F7-4668-BE54-9A1E7A4F7556}") = "ArraysAndCollections", "WeeklyProgress\Week1\ArraysAndCollections\ArraysAndCollections.csproj", "{D0401239-3C2E-44A0-8901-D984800BE581}"
EndProject
Project("{9A19103F-16F7-4668-BE54-9A1E7A4F7556}") = "ForEachLoop", "WeeklyProgress\Week1\ForEachLoop\ForEachLoop.csproj", "{7E0D9D78-DA32-4341-B98D-CF1AC89779A6}"
EndProject
Project("{9A19103F-16F7-4668-BE54-9A1E7A4F7556}") = "ForLoop", "WeeklyProgress\Week1\ForLoop\ForLoop.csproj", "{C73E76EF-9B32-4AC3-8811-3BBDB98F9649}"
EndProject
Project("{9A19103F-16F7-4668-BE54-9A1E7A4F7556}") = "IntroCSharp", "WeeklyProgress\Week1\IntroCSharp\IntroCSharp.csproj", "{6F9DF568-1999-4936-B20A-698CC4BF6E5A}"
EndProject
Project("{9A19103F-16F7-4668-BE54-9A1E7A4F7556}") = "Loops", "WeeklyProgress\Week1\Loops\Loops.csproj", "{F674AF2D-C3FC-400D-B9E0-295E70D04776}"
EndProject
Project("{9A19103F-16F7-4668-BE54-9A1E7A4F7556}") = "OperatorsAndCheck", "WeeklyProgress\Week1\OperatorsAndCheck\OperatorsAndCheck.csproj", "{1EF14FA8-8DEA-4207-ACD8-43E6C1E3057F}"
EndProject
Project("{9A19103F-16F7-4668-BE54-9A1E7A4F7556}") = "SwitchCase", "WeeklyProgress\Week1\SwitchCase\SwitchCase.csproj", "{6B722B76-317F-46A9-B333-F66943CDAEB6}"
EndProject
Project("{2150E333-8FDC-42A3-9474-1A3956D46DE8}") = "Week1", "Week1", "{9BE7C2CD-282B-402E-B9A0-8192C5585FC4}"
EndProject
Project("{9A19103F-16F7-4668-BE54-9A1E7A4F7556}") = "Study1", "WeeklyStudies\Week1\Study1\Study1.csproj", "{F1A41A01-38EA-473D-9C30-B98C4C7AB9D3}"
EndProject
Project("{9A19103F-16F7-4668-BE54-9A1E7A4F7556}") = "Study2-PrimeNumbers", "WeeklyStudies\Week1\Study2-PrimeNumbers\Study2-PrimeNumbers.csproj", "{605EB957-1738-478C-95E9-B17CBE7B473A}"
EndProject
Project("{2150E333-8FDC-42A3-9474-1A3956D46DE8}") = "Week2", "Week2", "{4DEB40B3-1CFE-424B-A442-65AFD93AF147}"
EndProject
Project("{9A19103F-16F7-4668-BE54-9A1E7A4F7556}") = "Week2-Study-1", "WeeklyStudies\Week2\Week2-Study-1\Week2-Study-1.csproj", "{026E2B1B-97EE-4B4E-92DB-C89998CDCA43}"
EndProject
Project("{9A19103F-16F7-4668-BE54-9A1E7A4F7556}") = "week2-Study-2", "WeeklyStudies\Week2\week2-Study-2\week2-Study-2.csproj", "{FC8B15B5-441C-4B0F-B2DD-D2FA72ED8091}"
EndProject
Project("{9A19103F-16F7-4668-BE54-9A1E7A4F7556}") = "ClassVsObject", "WeeklyProgress\Week3\ClassVsObject\ClassVsObject.csproj", "{4E64B0C7-65F5-4753-96D8-80A508E5415E}"
EndProject
Project("{2150E333-8FDC-42A3-9474-1A3956D46DE8}") = "Week3", "Week3", "{B71A7DD5-539D-4FDD-88A6-AD7408DF3345}"
EndProject
Project("{9A19103F-16F7-4668-BE54-9A1E7A4F7556}") = "Encapsulation", "WeeklyProgress\Week3\Encapsulation\Encapsulation.csproj", "{017C4E01-B0C4-4CBF-88B1-961A95C6C33E}"
EndProject
Project("{9A19103F-16F7-4668-BE54-9A1E7A4F7556}") = "DiceGame", "WeeklyProgress\Week3\DiceGame\DiceGame.csproj", "{65464ABD-AA13-4A01-B0BF-CE7756365232}"
EndProject
Project("{9A19103F-16F7-4668-BE54-9A1E7A4F7556}") = "InheritanceAndPolymorphism", "WeeklyProgress\Week3\InheritanceAndPolymorphism\InheritanceAndPolymorphism.csproj", "{9A54EF7E-0A36-4666-B70D-75646CBD2232}"
EndProject
Project("{9A19103F-16F7-4668-BE54-9A1E7A4F7556}") = "Constructor", "WeeklyProgress\Week3\Constructor\Constructor.csproj", "{A87A278A-A4C9-4162-8448-18BC38727FA3}"
EndProject
Global
	GlobalSection(SolutionConfigurationPlatforms) = preSolution
		Debug|Any CPU = Debug|Any CPU
		Release|Any CPU = Release|Any CPU
	EndGlobalSection
	GlobalSection(ProjectConfigurationPlatforms) = postSolution
		{78B2AB26-5EFB-4A86-A3BD-2033A147DD1F}.Debug|Any CPU.ActiveCfg = Debug|Any CPU
		{78B2AB26-5EFB-4A86-A3BD-2033A147DD1F}.Debug|Any CPU.Build.0 = Debug|Any CPU
		{78B2AB26-5EFB-4A86-A3BD-2033A147DD1F}.Release|Any CPU.ActiveCfg = Release|Any CPU
		{78B2AB26-5EFB-4A86-A3BD-2033A147DD1F}.Release|Any CPU.Build.0 = Release|Any CPU
		{D0401239-3C2E-44A0-8901-D984800BE581}.Debug|Any CPU.ActiveCfg = Debug|Any CPU
		{D0401239-3C2E-44A0-8901-D984800BE581}.Debug|Any CPU.Build.0 = Debug|Any CPU
		{D0401239-3C2E-44A0-8901-D984800BE581}.Release|Any CPU.ActiveCfg = Release|Any CPU
		{D0401239-3C2E-44A0-8901-D984800BE581}.Release|Any CPU.Build.0 = Release|Any CPU
		{7E0D9D78-DA32-4341-B98D-CF1AC89779A6}.Debug|Any CPU.ActiveCfg = Debug|Any CPU
		{7E0D9D78-DA32-4341-B98D-CF1AC89779A6}.Debug|Any CPU.Build.0 = Debug|Any CPU
		{7E0D9D78-DA32-4341-B98D-CF1AC89779A6}.Release|Any CPU.ActiveCfg = Release|Any CPU
		{7E0D9D78-DA32-4341-B98D-CF1AC89779A6}.Release|Any CPU.Build.0 = Release|Any CPU
		{C73E76EF-9B32-4AC3-8811-3BBDB98F9649}.Debug|Any CPU.ActiveCfg = Debug|Any CPU
		{C73E76EF-9B32-4AC3-8811-3BBDB98F9649}.Debug|Any CPU.Build.0 = Debug|Any CPU
		{C73E76EF-9B32-4AC3-8811-3BBDB98F9649}.Release|Any CPU.ActiveCfg = Release|Any CPU
		{C73E76EF-9B32-4AC3-8811-3BBDB98F9649}.Release|Any CPU.Build.0 = Release|Any CPU
		{6F9DF568-1999-4936-B20A-698CC4BF6E5A}.Debug|Any CPU.ActiveCfg = Debug|Any CPU
		{6F9DF568-1999-4936-B20A-698CC4BF6E5A}.Debug|Any CPU.Build.0 = Debug|Any CPU
		{6F9DF568-1999-4936-B20A-698CC4BF6E5A}.Release|Any CPU.ActiveCfg = Release|Any CPU
		{6F9DF568-1999-4936-B20A-698CC4BF6E5A}.Release|Any CPU.Build.0 = Release|Any CPU
		{F674AF2D-C3FC-400D-B9E0-295E70D04776}.Debug|Any CPU.ActiveCfg = Debug|Any CPU
		{F674AF2D-C3FC-400D-B9E0-295E70D04776}.Debug|Any CPU.Build.0 = Debug|Any CPU
		{F674AF2D-C3FC-400D-B9E0-295E70D04776}.Release|Any CPU.ActiveCfg = Release|Any CPU
		{F674AF2D-C3FC-400D-B9E0-295E70D04776}.Release|Any CPU.Build.0 = Release|Any CPU
		{1EF14FA8-8DEA-4207-ACD8-43E6C1E3057F}.Debug|Any CPU.ActiveCfg = Debug|Any CPU
		{1EF14FA8-8DEA-4207-ACD8-43E6C1E3057F}.Debug|Any CPU.Build.0 = Debug|Any CPU
		{1EF14FA8-8DEA-4207-ACD8-43E6C1E3057F}.Release|Any CPU.ActiveCfg = Release|Any CPU
		{1EF14FA8-8DEA-4207-ACD8-43E6C1E3057F}.Release|Any CPU.Build.0 = Release|Any CPU
		{6B722B76-317F-46A9-B333-F66943CDAEB6}.Debug|Any CPU.ActiveCfg = Debug|Any CPU
		{6B722B76-317F-46A9-B333-F66943CDAEB6}.Debug|Any CPU.Build.0 = Debug|Any CPU
		{6B722B76-317F-46A9-B333-F66943CDAEB6}.Release|Any CPU.ActiveCfg = Release|Any CPU
		{6B722B76-317F-46A9-B333-F66943CDAEB6}.Release|Any CPU.Build.0 = Release|Any CPU
		{F1A41A01-38EA-473D-9C30-B98C4C7AB9D3}.Debug|Any CPU.ActiveCfg = Debug|Any CPU
		{F1A41A01-38EA-473D-9C30-B98C4C7AB9D3}.Debug|Any CPU.Build.0 = Debug|Any CPU
		{F1A41A01-38EA-473D-9C30-B98C4C7AB9D3}.Release|Any CPU.ActiveCfg = Release|Any CPU
		{F1A41A01-38EA-473D-9C30-B98C4C7AB9D3}.Release|Any CPU.Build.0 = Release|Any CPU
		{605EB957-1738-478C-95E9-B17CBE7B473A}.Debug|Any CPU.ActiveCfg = Debug|Any CPU
		{605EB957-1738-478C-95E9-B17CBE7B473A}.Debug|Any CPU.Build.0 = Debug|Any CPU
		{605EB957-1738-478C-95E9-B17CBE7B473A}.Release|Any CPU.ActiveCfg = Release|Any CPU
		{605EB957-1738-478C-95E9-B17CBE7B473A}.Release|Any CPU.Build.0 = Release|Any CPU
		{026E2B1B-97EE-4B4E-92DB-C89998CDCA43}.Debug|Any CPU.ActiveCfg = Debug|Any CPU
		{026E2B1B-97EE-4B4E-92DB-C89998CDCA43}.Debug|Any CPU.Build.0 = Debug|Any CPU
		{026E2B1B-97EE-4B4E-92DB-C89998CDCA43}.Release|Any CPU.ActiveCfg = Release|Any CPU
		{026E2B1B-97EE-4B4E-92DB-C89998CDCA43}.Release|Any CPU.Build.0 = Release|Any CPU
		{FC8B15B5-441C-4B0F-B2DD-D2FA72ED8091}.Debug|Any CPU.ActiveCfg = Debug|Any CPU
		{FC8B15B5-441C-4B0F-B2DD-D2FA72ED8091}.Debug|Any CPU.Build.0 = Debug|Any CPU
		{FC8B15B5-441C-4B0F-B2DD-D2FA72ED8091}.Release|Any CPU.ActiveCfg = Release|Any CPU
		{FC8B15B5-441C-4B0F-B2DD-D2FA72ED8091}.Release|Any CPU.Build.0 = Release|Any CPU
		{4E64B0C7-65F5-4753-96D8-80A508E5415E}.Debug|Any CPU.ActiveCfg = Debug|Any CPU
		{4E64B0C7-65F5-4753-96D8-80A508E5415E}.Debug|Any CPU.Build.0 = Debug|Any CPU
		{4E64B0C7-65F5-4753-96D8-80A508E5415E}.Release|Any CPU.ActiveCfg = Release|Any CPU
		{4E64B0C7-65F5-4753-96D8-80A508E5415E}.Release|Any CPU.Build.0 = Release|Any CPU
		{017C4E01-B0C4-4CBF-88B1-961A95C6C33E}.Debug|Any CPU.ActiveCfg = Debug|Any CPU
		{017C4E01-B0C4-4CBF-88B1-961A95C6C33E}.Debug|Any CPU.Build.0 = Debug|Any CPU
		{017C4E01-B0C4-4CBF-88B1-961A95C6C33E}.Release|Any CPU.ActiveCfg = Release|Any CPU
		{017C4E01-B0C4-4CBF-88B1-961A95C6C33E}.Release|Any CPU.Build.0 = Release|Any CPU
		{65464ABD-AA13-4A01-B0BF-CE7756365232}.Debug|Any CPU.ActiveCfg = Debug|Any CPU
		{65464ABD-AA13-4A01-B0BF-CE7756365232}.Debug|Any CPU.Build.0 = Debug|Any CPU
		{65464ABD-AA13-4A01-B0BF-CE7756365232}.Release|Any CPU.ActiveCfg = Release|Any CPU
		{65464ABD-AA13-4A01-B0BF-CE7756365232}.Release|Any CPU.Build.0 = Release|Any CPU
		{9A54EF7E-0A36-4666-B70D-75646CBD2232}.Debug|Any CPU.ActiveCfg = Debug|Any CPU
		{9A54EF7E-0A36-4666-B70D-75646CBD2232}.Debug|Any CPU.Build.0 = Debug|Any CPU
		{9A54EF7E-0A36-4666-B70D-75646CBD2232}.Release|Any CPU.ActiveCfg = Release|Any CPU
		{9A54EF7E-0A36-4666-B70D-75646CBD2232}.Release|Any CPU.Build.0 = Release|Any CPU
		{A87A278A-A4C9-4162-8448-18BC38727FA3}.Debug|Any CPU.ActiveCfg = Debug|Any CPU
		{A87A278A-A4C9-4162-8448-18BC38727FA3}.Debug|Any CPU.Build.0 = Debug|Any CPU
		{A87A278A-A4C9-4162-8448-18BC38727FA3}.Release|Any CPU.ActiveCfg = Release|Any CPU
		{A87A278A-A4C9-4162-8448-18BC38727FA3}.Release|Any CPU.Build.0 = Release|Any CPU
	EndGlobalSection
	GlobalSection(SolutionProperties) = preSolution
		HideSolutionNode = FALSE
	EndGlobalSection
	GlobalSection(NestedProjects) = preSolution
		{93207118-4686-42E3-87BA-65BEEF06BDD5} = {C73E0BBB-F3A4-4B9C-85B8-34ADF157D590}
		{78B2AB26-5EFB-4A86-A3BD-2033A147DD1F} = {93207118-4686-42E3-87BA-65BEEF06BDD5}
		{D0401239-3C2E-44A0-8901-D984800BE581} = {93207118-4686-42E3-87BA-65BEEF06BDD5}
		{7E0D9D78-DA32-4341-B98D-CF1AC89779A6} = {93207118-4686-42E3-87BA-65BEEF06BDD5}
		{C73E76EF-9B32-4AC3-8811-3BBDB98F9649} = {93207118-4686-42E3-87BA-65BEEF06BDD5}
		{6F9DF568-1999-4936-B20A-698CC4BF6E5A} = {93207118-4686-42E3-87BA-65BEEF06BDD5}
		{F674AF2D-C3FC-400D-B9E0-295E70D04776} = {93207118-4686-42E3-87BA-65BEEF06BDD5}
		{1EF14FA8-8DEA-4207-ACD8-43E6C1E3057F} = {93207118-4686-42E3-87BA-65BEEF06BDD5}
		{6B722B76-317F-46A9-B333-F66943CDAEB6} = {93207118-4686-42E3-87BA-65BEEF06BDD5}
		{9BE7C2CD-282B-402E-B9A0-8192C5585FC4} = {645EC4B3-0B04-4262-9AB1-FF5E3E0EC1BC}
		{F1A41A01-38EA-473D-9C30-B98C4C7AB9D3} = {9BE7C2CD-282B-402E-B9A0-8192C5585FC4}
		{605EB957-1738-478C-95E9-B17CBE7B473A} = {9BE7C2CD-282B-402E-B9A0-8192C5585FC4}
		{4DEB40B3-1CFE-424B-A442-65AFD93AF147} = {645EC4B3-0B04-4262-9AB1-FF5E3E0EC1BC}
		{026E2B1B-97EE-4B4E-92DB-C89998CDCA43} = {4DEB40B3-1CFE-424B-A442-65AFD93AF147}
		{FC8B15B5-441C-4B0F-B2DD-D2FA72ED8091} = {4DEB40B3-1CFE-424B-A442-65AFD93AF147}
		{4E64B0C7-65F5-4753-96D8-80A508E5415E} = {B71A7DD5-539D-4FDD-88A6-AD7408DF3345}
		{B71A7DD5-539D-4FDD-88A6-AD7408DF3345} = {C73E0BBB-F3A4-4B9C-85B8-34ADF157D590}
		{017C4E01-B0C4-4CBF-88B1-961A95C6C33E} = {B71A7DD5-539D-4FDD-88A6-AD7408DF3345}
		{65464ABD-AA13-4A01-B0BF-CE7756365232} = {B71A7DD5-539D-4FDD-88A6-AD7408DF3345}
		{9A54EF7E-0A36-4666-B70D-75646CBD2232} = {B71A7DD5-539D-4FDD-88A6-AD7408DF3345}
		{A87A278A-A4C9-4162-8448-18BC38727FA3} = {B71A7DD5-539D-4FDD-88A6-AD7408DF3345}
	EndGlobalSection
	GlobalSection(ExtensibilityGlobals) = postSolution
		SolutionGuid = {6525C8CD-146F-4C9B-BCA1-378098C91564}
	EndGlobalSection
EndGlobal
