
Microsoft Visual Studio Solution File, Format Version 12.00
# Visual Studio Version 16
VisualStudioVersion = 16.0.31702.278
MinimumVisualStudioVersion = 10.0.40219.1
Project("{9A19103F-16F7-4668-BE54-9A1E7A4F7556}") = "IntroCSharp", "IntroCSharp\IntroCSharp.csproj", "{FEF7DF42-3588-4402-BA41-B5E5596B27AB}"
EndProject
Project("{9A19103F-16F7-4668-BE54-9A1E7A4F7556}") = "OperatorsAndCheck", "OperatorsAndCheck\OperatorsAndCheck.csproj", "{F520B3D1-7D28-4E9D-809A-656191B4EB14}"
EndProject
Project("{9A19103F-16F7-4668-BE54-9A1E7A4F7556}") = "AndOrCondition", "AndOrCondition\AndOrCondition.csproj", "{7B782FF6-5F4D-4D4B-82AB-3282E99D4F7D}"
EndProject
Project("{9A19103F-16F7-4668-BE54-9A1E7A4F7556}") = "SwitchCase", "SwitchCase\SwitchCase.csproj", "{FD1D379D-87D7-4EB4-B220-7E95CC96F601}"
EndProject
Project("{9A19103F-16F7-4668-BE54-9A1E7A4F7556}") = "ArraysAndCollections", "ArraysAndCollections\ArraysAndCollections.csproj", "{FAF3AF58-3980-49CC-87E8-CCD82272943F}"
EndProject
Project("{9A19103F-16F7-4668-BE54-9A1E7A4F7556}") = "Loops", "Loops\Loops.csproj", "{68A27ED3-DB34-4415-AE82-BFDEC47EE1AF}"
EndProject
Project("{9A19103F-16F7-4668-BE54-9A1E7A4F7556}") = "ForLoop", "ForLoop\ForLoop.csproj", "{1B3059D7-5EA3-437B-B998-4AD5D5A3C17B}"
EndProject
Project("{9A19103F-16F7-4668-BE54-9A1E7A4F7556}") = "ForEachLoop", "ForEachLoop\ForEachLoop.csproj", "{471972E9-437F-4D4F-B67E-941E38588DC4}"
EndProject
Project("{9A19103F-16F7-4668-BE54-9A1E7A4F7556}") = "Study1", "Study1\Study1.csproj", "{F11B628F-B7AA-4D6E-9B8E-CC9FFAAAB701}"
EndProject
Project("{9A19103F-16F7-4668-BE54-9A1E7A4F7556}") = "Study2-PrimeNumbers", "Study2-PrimeNumbers\Study2-PrimeNumbers.csproj", "{7BAC47C7-1075-483F-9B4A-E8E9981C2115}"
EndProject
Project("{2150E333-8FDC-42A3-9474-1A3956D46DE8}") = "WeeklyStudies", "WeeklyStudies", "{645EC4B3-0B04-4262-9AB1-FF5E3E0EC1BC}"
EndProject
Project("{2150E333-8FDC-42A3-9474-1A3956D46DE8}") = "WeeklyProgress", "WeeklyProgress", "{C73E0BBB-F3A4-4B9C-85B8-34ADF157D590}"
EndProject
Global
	GlobalSection(SolutionConfigurationPlatforms) = preSolution
		Debug|Any CPU = Debug|Any CPU
		Release|Any CPU = Release|Any CPU
	EndGlobalSection
	GlobalSection(ProjectConfigurationPlatforms) = postSolution
		{FEF7DF42-3588-4402-BA41-B5E5596B27AB}.Debug|Any CPU.ActiveCfg = Debug|Any CPU
		{FEF7DF42-3588-4402-BA41-B5E5596B27AB}.Debug|Any CPU.Build.0 = Debug|Any CPU
		{FEF7DF42-3588-4402-BA41-B5E5596B27AB}.Release|Any CPU.ActiveCfg = Release|Any CPU
		{FEF7DF42-3588-4402-BA41-B5E5596B27AB}.Release|Any CPU.Build.0 = Release|Any CPU
		{F520B3D1-7D28-4E9D-809A-656191B4EB14}.Debug|Any CPU.ActiveCfg = Debug|Any CPU
		{F520B3D1-7D28-4E9D-809A-656191B4EB14}.Debug|Any CPU.Build.0 = Debug|Any CPU
		{F520B3D1-7D28-4E9D-809A-656191B4EB14}.Release|Any CPU.ActiveCfg = Release|Any CPU
		{F520B3D1-7D28-4E9D-809A-656191B4EB14}.Release|Any CPU.Build.0 = Release|Any CPU
		{7B782FF6-5F4D-4D4B-82AB-3282E99D4F7D}.Debug|Any CPU.ActiveCfg = Debug|Any CPU
		{7B782FF6-5F4D-4D4B-82AB-3282E99D4F7D}.Debug|Any CPU.Build.0 = Debug|Any CPU
		{7B782FF6-5F4D-4D4B-82AB-3282E99D4F7D}.Release|Any CPU.ActiveCfg = Release|Any CPU
		{7B782FF6-5F4D-4D4B-82AB-3282E99D4F7D}.Release|Any CPU.Build.0 = Release|Any CPU
		{FD1D379D-87D7-4EB4-B220-7E95CC96F601}.Debug|Any CPU.ActiveCfg = Debug|Any CPU
		{FD1D379D-87D7-4EB4-B220-7E95CC96F601}.Debug|Any CPU.Build.0 = Debug|Any CPU
		{FD1D379D-87D7-4EB4-B220-7E95CC96F601}.Release|Any CPU.ActiveCfg = Release|Any CPU
		{FD1D379D-87D7-4EB4-B220-7E95CC96F601}.Release|Any CPU.Build.0 = Release|Any CPU
		{FAF3AF58-3980-49CC-87E8-CCD82272943F}.Debug|Any CPU.ActiveCfg = Debug|Any CPU
		{FAF3AF58-3980-49CC-87E8-CCD82272943F}.Debug|Any CPU.Build.0 = Debug|Any CPU
		{FAF3AF58-3980-49CC-87E8-CCD82272943F}.Release|Any CPU.ActiveCfg = Release|Any CPU
		{FAF3AF58-3980-49CC-87E8-CCD82272943F}.Release|Any CPU.Build.0 = Release|Any CPU
		{68A27ED3-DB34-4415-AE82-BFDEC47EE1AF}.Debug|Any CPU.ActiveCfg = Debug|Any CPU
		{68A27ED3-DB34-4415-AE82-BFDEC47EE1AF}.Debug|Any CPU.Build.0 = Debug|Any CPU
		{68A27ED3-DB34-4415-AE82-BFDEC47EE1AF}.Release|Any CPU.ActiveCfg = Release|Any CPU
		{68A27ED3-DB34-4415-AE82-BFDEC47EE1AF}.Release|Any CPU.Build.0 = Release|Any CPU
		{1B3059D7-5EA3-437B-B998-4AD5D5A3C17B}.Debug|Any CPU.ActiveCfg = Debug|Any CPU
		{1B3059D7-5EA3-437B-B998-4AD5D5A3C17B}.Debug|Any CPU.Build.0 = Debug|Any CPU
		{1B3059D7-5EA3-437B-B998-4AD5D5A3C17B}.Release|Any CPU.ActiveCfg = Release|Any CPU
		{1B3059D7-5EA3-437B-B998-4AD5D5A3C17B}.Release|Any CPU.Build.0 = Release|Any CPU
		{471972E9-437F-4D4F-B67E-941E38588DC4}.Debug|Any CPU.ActiveCfg = Debug|Any CPU
		{471972E9-437F-4D4F-B67E-941E38588DC4}.Debug|Any CPU.Build.0 = Debug|Any CPU
		{471972E9-437F-4D4F-B67E-941E38588DC4}.Release|Any CPU.ActiveCfg = Release|Any CPU
		{471972E9-437F-4D4F-B67E-941E38588DC4}.Release|Any CPU.Build.0 = Release|Any CPU
		{F11B628F-B7AA-4D6E-9B8E-CC9FFAAAB701}.Debug|Any CPU.ActiveCfg = Debug|Any CPU
		{F11B628F-B7AA-4D6E-9B8E-CC9FFAAAB701}.Debug|Any CPU.Build.0 = Debug|Any CPU
		{F11B628F-B7AA-4D6E-9B8E-CC9FFAAAB701}.Release|Any CPU.ActiveCfg = Release|Any CPU
		{F11B628F-B7AA-4D6E-9B8E-CC9FFAAAB701}.Release|Any CPU.Build.0 = Release|Any CPU
		{7BAC47C7-1075-483F-9B4A-E8E9981C2115}.Debug|Any CPU.ActiveCfg = Debug|Any CPU
		{7BAC47C7-1075-483F-9B4A-E8E9981C2115}.Debug|Any CPU.Build.0 = Debug|Any CPU
		{7BAC47C7-1075-483F-9B4A-E8E9981C2115}.Release|Any CPU.ActiveCfg = Release|Any CPU
		{7BAC47C7-1075-483F-9B4A-E8E9981C2115}.Release|Any CPU.Build.0 = Release|Any CPU
	EndGlobalSection
	GlobalSection(SolutionProperties) = preSolution
		HideSolutionNode = FALSE
	EndGlobalSection
	GlobalSection(NestedProjects) = preSolution
		{FEF7DF42-3588-4402-BA41-B5E5596B27AB} = {C73E0BBB-F3A4-4B9C-85B8-34ADF157D590}
		{F520B3D1-7D28-4E9D-809A-656191B4EB14} = {C73E0BBB-F3A4-4B9C-85B8-34ADF157D590}
		{7B782FF6-5F4D-4D4B-82AB-3282E99D4F7D} = {C73E0BBB-F3A4-4B9C-85B8-34ADF157D590}
		{FD1D379D-87D7-4EB4-B220-7E95CC96F601} = {C73E0BBB-F3A4-4B9C-85B8-34ADF157D590}
		{FAF3AF58-3980-49CC-87E8-CCD82272943F} = {C73E0BBB-F3A4-4B9C-85B8-34ADF157D590}
		{68A27ED3-DB34-4415-AE82-BFDEC47EE1AF} = {C73E0BBB-F3A4-4B9C-85B8-34ADF157D590}
		{1B3059D7-5EA3-437B-B998-4AD5D5A3C17B} = {C73E0BBB-F3A4-4B9C-85B8-34ADF157D590}
		{471972E9-437F-4D4F-B67E-941E38588DC4} = {C73E0BBB-F3A4-4B9C-85B8-34ADF157D590}
		{F11B628F-B7AA-4D6E-9B8E-CC9FFAAAB701} = {645EC4B3-0B04-4262-9AB1-FF5E3E0EC1BC}
		{7BAC47C7-1075-483F-9B4A-E8E9981C2115} = {645EC4B3-0B04-4262-9AB1-FF5E3E0EC1BC}
	EndGlobalSection
	GlobalSection(ExtensibilityGlobals) = postSolution
		SolutionGuid = {6525C8CD-146F-4C9B-BCA1-378098C91564}
	EndGlobalSection
EndGlobal
